// !$*UTF8*$!
{
	archiveVersion = 1;
	classes = {
	};
	objectVersion = 56;
	objects = {

/* Begin PBXBuildFile section */
		82E2DE05874ADAFB57A8275D /* Pods_Financas.framework in Frameworks */ = {isa = PBXBuildFile; fileRef = F5FB6AADD1794F679BD2DB8B /* Pods_Financas.framework */; };
		EE2EB6EF2BC46D640062A613 /* GoogleService-Info.plist in Resources */ = {isa = PBXBuildFile; fileRef = EE2EB6EE2BC46D640062A613 /* GoogleService-Info.plist */; };
		EE2EB6F12BC470A30062A613 /* FinancasServiceUserDefaults.swift in Sources */ = {isa = PBXBuildFile; fileRef = EE2EB6F02BC470A30062A613 /* FinancasServiceUserDefaults.swift */; };
		EE2EB6F42BC470DB0062A613 /* FinancasServiceFirebase.swift in Sources */ = {isa = PBXBuildFile; fileRef = EE2EB6F32BC470DB0062A613 /* FinancasServiceFirebase.swift */; };
		EE7036032B0D1CD7006C64F2 /* CategoryListViewController.swift in Sources */ = {isa = PBXBuildFile; fileRef = EE7036022B0D1CD7006C64F2 /* CategoryListViewController.swift */; };
		EE7036052B0D1CDF006C64F2 /* CategoryListViewModel.swift in Sources */ = {isa = PBXBuildFile; fileRef = EE7036042B0D1CDF006C64F2 /* CategoryListViewModel.swift */; };
		EE7036082B0D1E2F006C64F2 /* UIViewController.swift in Sources */ = {isa = PBXBuildFile; fileRef = EE7036072B0D1E2F006C64F2 /* UIViewController.swift */; };
		EE7036122B17ADAA006C64F2 /* EntryListView.swift in Sources */ = {isa = PBXBuildFile; fileRef = EE7036112B17ADAA006C64F2 /* EntryListView.swift */; };
		EE7036142B17B601006C64F2 /* EntryListCardsView.swift in Sources */ = {isa = PBXBuildFile; fileRef = EE7036132B17B601006C64F2 /* EntryListCardsView.swift */; };
		EE7036162B17BC13006C64F2 /* CardView.swift in Sources */ = {isa = PBXBuildFile; fileRef = EE7036152B17BC13006C64F2 /* CardView.swift */; };
		EE7036192B18BC19006C64F2 /* EntryType.swift in Sources */ = {isa = PBXBuildFile; fileRef = EE7036182B18BC19006C64F2 /* EntryType.swift */; };
		EE70361C2B18C165006C64F2 /* IconView.swift in Sources */ = {isa = PBXBuildFile; fileRef = EE70361B2B18C165006C64F2 /* IconView.swift */; };
		EE70361E2B18CE34006C64F2 /* UIView.swift in Sources */ = {isa = PBXBuildFile; fileRef = EE70361D2B18CE34006C64F2 /* UIView.swift */; };
		EE7036202B18D1AC006C64F2 /* Entry.swift in Sources */ = {isa = PBXBuildFile; fileRef = EE70361F2B18D1AC006C64F2 /* Entry.swift */; };
		EE7036222B18D1FA006C64F2 /* EntryCell.swift in Sources */ = {isa = PBXBuildFile; fileRef = EE7036212B18D1FA006C64F2 /* EntryCell.swift */; };
		EEE2110B2B98FDB0003BF18E /* CategoryCell.swift in Sources */ = {isa = PBXBuildFile; fileRef = EEE2110A2B98FDB0003BF18E /* CategoryCell.swift */; };
		EEE2110D2B98FF8F003BF18E /* Category.swift in Sources */ = {isa = PBXBuildFile; fileRef = EEE2110C2B98FF8F003BF18E /* Category.swift */; };
		EEE2111C2BBDB8CC003BF18E /* Textfield.swift in Sources */ = {isa = PBXBuildFile; fileRef = EEE2111B2BBDB8CC003BF18E /* Textfield.swift */; };
		EEE2112D2BBDBAA1003BF18E /* EntryAddViewModel.swift in Sources */ = {isa = PBXBuildFile; fileRef = EEE2112A2BBDBAA1003BF18E /* EntryAddViewModel.swift */; };
		EEE2112F2BBDBAA1003BF18E /* EntryAddViewController.swift in Sources */ = {isa = PBXBuildFile; fileRef = EEE2112C2BBDBAA1003BF18E /* EntryAddViewController.swift */; };
		EEE211312BBDBB21003BF18E /* EntryAddView.swift in Sources */ = {isa = PBXBuildFile; fileRef = EEE211302BBDBB21003BF18E /* EntryAddView.swift */; };
		EEE211332BBDC2B4003BF18E /* TextfieldIconView.swift in Sources */ = {isa = PBXBuildFile; fileRef = EEE211322BBDC2B4003BF18E /* TextfieldIconView.swift */; };
		EEE211352BBDC4D5003BF18E /* ArrowTextfieldIcon.swift in Sources */ = {isa = PBXBuildFile; fileRef = EEE211342BBDC4D4003BF18E /* ArrowTextfieldIcon.swift */; };
		EEE211372BBDD87E003BF18E /* Double.swift in Sources */ = {isa = PBXBuildFile; fileRef = EEE211362BBDD87E003BF18E /* Double.swift */; };
		EEE211392BBDD998003BF18E /* String.swift in Sources */ = {isa = PBXBuildFile; fileRef = EEE211382BBDD998003BF18E /* String.swift */; };
		EEE211402BBF20FE003BF18E /* CategoryAddModel.swift in Sources */ = {isa = PBXBuildFile; fileRef = EEE2113D2BBF20FE003BF18E /* CategoryAddModel.swift */; };
		EEE211412BBF20FE003BF18E /* CategoryAddViewModel.swift in Sources */ = {isa = PBXBuildFile; fileRef = EEE2113E2BBF20FE003BF18E /* CategoryAddViewModel.swift */; };
		EEE211422BBF20FE003BF18E /* CategoryAddViewController.swift in Sources */ = {isa = PBXBuildFile; fileRef = EEE2113F2BBF20FE003BF18E /* CategoryAddViewController.swift */; };
		EEE211442BBF21C1003BF18E /* CategoryAddView.swift in Sources */ = {isa = PBXBuildFile; fileRef = EEE211432BBF21C1003BF18E /* CategoryAddView.swift */; };
		EEE211462BBF2726003BF18E /* FinancasService.swift in Sources */ = {isa = PBXBuildFile; fileRef = EEE211452BBF2726003BF18E /* FinancasService.swift */; };
		EEE211482BBF3C89003BF18E /* Date.swift in Sources */ = {isa = PBXBuildFile; fileRef = EEE211472BBF3C89003BF18E /* Date.swift */; };
		EEECB95E2AFBB3A80039B984 /* AppDelegate.swift in Sources */ = {isa = PBXBuildFile; fileRef = EEECB95D2AFBB3A80039B984 /* AppDelegate.swift */; };
		EEECB9602AFBB3A80039B984 /* SceneDelegate.swift in Sources */ = {isa = PBXBuildFile; fileRef = EEECB95F2AFBB3A80039B984 /* SceneDelegate.swift */; };
		EEECB9672AFBB3AA0039B984 /* Assets.xcassets in Resources */ = {isa = PBXBuildFile; fileRef = EEECB9662AFBB3AA0039B984 /* Assets.xcassets */; };
		EEECB96A2AFBB3AA0039B984 /* LaunchScreen.storyboard in Resources */ = {isa = PBXBuildFile; fileRef = EEECB9682AFBB3AA0039B984 /* LaunchScreen.storyboard */; };
		EEECB9762AFBB55C0039B984 /* MainCoordinator.swift in Sources */ = {isa = PBXBuildFile; fileRef = EEECB9742AFBB55C0039B984 /* MainCoordinator.swift */; };
		EEECB9772AFBB55C0039B984 /* MainCoordinatorProtocols.swift in Sources */ = {isa = PBXBuildFile; fileRef = EEECB9752AFBB55C0039B984 /* MainCoordinatorProtocols.swift */; };
		EEECB97D2AFBB57B0039B984 /* RootViewController.swift in Sources */ = {isa = PBXBuildFile; fileRef = EEECB9792AFBB57B0039B984 /* RootViewController.swift */; };
		EEECB97E2AFBB57B0039B984 /* Bindable.swift in Sources */ = {isa = PBXBuildFile; fileRef = EEECB97A2AFBB57B0039B984 /* Bindable.swift */; };
		EEECB97F2AFBB57B0039B984 /* CodeView.swift in Sources */ = {isa = PBXBuildFile; fileRef = EEECB97B2AFBB57B0039B984 /* CodeView.swift */; };
		EEECB9802AFBB57B0039B984 /* Coordinator.swift in Sources */ = {isa = PBXBuildFile; fileRef = EEECB97C2AFBB57B0039B984 /* Coordinator.swift */; };
		EEECB9822AFBBA520039B984 /* TabBarController.swift in Sources */ = {isa = PBXBuildFile; fileRef = EEECB9812AFBBA520039B984 /* TabBarController.swift */; };
		EEECB9862AFBD42C0039B984 /* EntryCoordinator.swift in Sources */ = {isa = PBXBuildFile; fileRef = EEECB9852AFBD42C0039B984 /* EntryCoordinator.swift */; };
		EEECB9882AFBD4380039B984 /* EntryCoordinatorProtocols.swift in Sources */ = {isa = PBXBuildFile; fileRef = EEECB9872AFBD4380039B984 /* EntryCoordinatorProtocols.swift */; };
		EEECB98B2AFBD5630039B984 /* CategoryCoordinator.swift in Sources */ = {isa = PBXBuildFile; fileRef = EEECB9892AFBD5630039B984 /* CategoryCoordinator.swift */; };
		EEECB98C2AFBD5630039B984 /* CategoryCoordinatorProtocols.swift in Sources */ = {isa = PBXBuildFile; fileRef = EEECB98A2AFBD5630039B984 /* CategoryCoordinatorProtocols.swift */; };
		EEECB98F2AFBD7400039B984 /* EntryListViewModel.swift in Sources */ = {isa = PBXBuildFile; fileRef = EEECB98E2AFBD7400039B984 /* EntryListViewModel.swift */; };
		EEECB9912AFBD74A0039B984 /* EntryListViewController.swift in Sources */ = {isa = PBXBuildFile; fileRef = EEECB9902AFBD74A0039B984 /* EntryListViewController.swift */; };
/* End PBXBuildFile section */

/* Begin PBXFileReference section */
		44A843DE0E71DDD9619CB31A /* Pods-Financas.debug.xcconfig */ = {isa = PBXFileReference; includeInIndex = 1; lastKnownFileType = text.xcconfig; name = "Pods-Financas.debug.xcconfig"; path = "Target Support Files/Pods-Financas/Pods-Financas.debug.xcconfig"; sourceTree = "<group>"; };
		B2C4BD79DFF06E14C9DC7202 /* Pods-Financas.release.xcconfig */ = {isa = PBXFileReference; includeInIndex = 1; lastKnownFileType = text.xcconfig; name = "Pods-Financas.release.xcconfig"; path = "Target Support Files/Pods-Financas/Pods-Financas.release.xcconfig"; sourceTree = "<group>"; };
		EE2EB6EE2BC46D640062A613 /* GoogleService-Info.plist */ = {isa = PBXFileReference; fileEncoding = 4; lastKnownFileType = text.plist.xml; path = "GoogleService-Info.plist"; sourceTree = "<group>"; };
		EE2EB6F02BC470A30062A613 /* FinancasServiceUserDefaults.swift */ = {isa = PBXFileReference; lastKnownFileType = sourcecode.swift; path = FinancasServiceUserDefaults.swift; sourceTree = "<group>"; };
		EE2EB6F32BC470DB0062A613 /* FinancasServiceFirebase.swift */ = {isa = PBXFileReference; lastKnownFileType = sourcecode.swift; path = FinancasServiceFirebase.swift; sourceTree = "<group>"; };
		EE7036022B0D1CD7006C64F2 /* CategoryListViewController.swift */ = {isa = PBXFileReference; lastKnownFileType = sourcecode.swift; path = CategoryListViewController.swift; sourceTree = "<group>"; };
		EE7036042B0D1CDF006C64F2 /* CategoryListViewModel.swift */ = {isa = PBXFileReference; lastKnownFileType = sourcecode.swift; path = CategoryListViewModel.swift; sourceTree = "<group>"; };
		EE7036072B0D1E2F006C64F2 /* UIViewController.swift */ = {isa = PBXFileReference; lastKnownFileType = sourcecode.swift; path = UIViewController.swift; sourceTree = "<group>"; };
		EE7036112B17ADAA006C64F2 /* EntryListView.swift */ = {isa = PBXFileReference; lastKnownFileType = sourcecode.swift; path = EntryListView.swift; sourceTree = "<group>"; };
		EE7036132B17B601006C64F2 /* EntryListCardsView.swift */ = {isa = PBXFileReference; lastKnownFileType = sourcecode.swift; path = EntryListCardsView.swift; sourceTree = "<group>"; };
		EE7036152B17BC13006C64F2 /* CardView.swift */ = {isa = PBXFileReference; lastKnownFileType = sourcecode.swift; path = CardView.swift; sourceTree = "<group>"; };
		EE7036182B18BC19006C64F2 /* EntryType.swift */ = {isa = PBXFileReference; lastKnownFileType = sourcecode.swift; path = EntryType.swift; sourceTree = "<group>"; };
		EE70361B2B18C165006C64F2 /* IconView.swift */ = {isa = PBXFileReference; lastKnownFileType = sourcecode.swift; path = IconView.swift; sourceTree = "<group>"; };
		EE70361D2B18CE34006C64F2 /* UIView.swift */ = {isa = PBXFileReference; lastKnownFileType = sourcecode.swift; path = UIView.swift; sourceTree = "<group>"; };
		EE70361F2B18D1AC006C64F2 /* Entry.swift */ = {isa = PBXFileReference; lastKnownFileType = sourcecode.swift; path = Entry.swift; sourceTree = "<group>"; };
		EE7036212B18D1FA006C64F2 /* EntryCell.swift */ = {isa = PBXFileReference; lastKnownFileType = sourcecode.swift; path = EntryCell.swift; sourceTree = "<group>"; };
		EEE2110A2B98FDB0003BF18E /* CategoryCell.swift */ = {isa = PBXFileReference; lastKnownFileType = sourcecode.swift; path = CategoryCell.swift; sourceTree = "<group>"; };
		EEE2110C2B98FF8F003BF18E /* Category.swift */ = {isa = PBXFileReference; lastKnownFileType = sourcecode.swift; path = Category.swift; sourceTree = "<group>"; };
		EEE2111B2BBDB8CC003BF18E /* Textfield.swift */ = {isa = PBXFileReference; lastKnownFileType = sourcecode.swift; path = Textfield.swift; sourceTree = "<group>"; };
		EEE2112A2BBDBAA1003BF18E /* EntryAddViewModel.swift */ = {isa = PBXFileReference; fileEncoding = 4; lastKnownFileType = sourcecode.swift; path = EntryAddViewModel.swift; sourceTree = "<group>"; };
		EEE2112C2BBDBAA1003BF18E /* EntryAddViewController.swift */ = {isa = PBXFileReference; fileEncoding = 4; lastKnownFileType = sourcecode.swift; path = EntryAddViewController.swift; sourceTree = "<group>"; };
		EEE211302BBDBB21003BF18E /* EntryAddView.swift */ = {isa = PBXFileReference; lastKnownFileType = sourcecode.swift; path = EntryAddView.swift; sourceTree = "<group>"; };
		EEE211322BBDC2B4003BF18E /* TextfieldIconView.swift */ = {isa = PBXFileReference; lastKnownFileType = sourcecode.swift; path = TextfieldIconView.swift; sourceTree = "<group>"; };
		EEE211342BBDC4D4003BF18E /* ArrowTextfieldIcon.swift */ = {isa = PBXFileReference; lastKnownFileType = sourcecode.swift; path = ArrowTextfieldIcon.swift; sourceTree = "<group>"; };
		EEE211362BBDD87E003BF18E /* Double.swift */ = {isa = PBXFileReference; lastKnownFileType = sourcecode.swift; path = Double.swift; sourceTree = "<group>"; };
		EEE211382BBDD998003BF18E /* String.swift */ = {isa = PBXFileReference; lastKnownFileType = sourcecode.swift; path = String.swift; sourceTree = "<group>"; };
		EEE2113D2BBF20FE003BF18E /* CategoryAddModel.swift */ = {isa = PBXFileReference; fileEncoding = 4; lastKnownFileType = sourcecode.swift; path = CategoryAddModel.swift; sourceTree = "<group>"; };
		EEE2113E2BBF20FE003BF18E /* CategoryAddViewModel.swift */ = {isa = PBXFileReference; fileEncoding = 4; lastKnownFileType = sourcecode.swift; path = CategoryAddViewModel.swift; sourceTree = "<group>"; };
		EEE2113F2BBF20FE003BF18E /* CategoryAddViewController.swift */ = {isa = PBXFileReference; fileEncoding = 4; lastKnownFileType = sourcecode.swift; path = CategoryAddViewController.swift; sourceTree = "<group>"; };
		EEE211432BBF21C1003BF18E /* CategoryAddView.swift */ = {isa = PBXFileReference; lastKnownFileType = sourcecode.swift; path = CategoryAddView.swift; sourceTree = "<group>"; };
		EEE211452BBF2726003BF18E /* FinancasService.swift */ = {isa = PBXFileReference; lastKnownFileType = sourcecode.swift; path = FinancasService.swift; sourceTree = "<group>"; };
		EEE211472BBF3C89003BF18E /* Date.swift */ = {isa = PBXFileReference; lastKnownFileType = sourcecode.swift; path = Date.swift; sourceTree = "<group>"; };
		EEECB95A2AFBB3A80039B984 /* Financas.app */ = {isa = PBXFileReference; explicitFileType = wrapper.application; includeInIndex = 0; path = Financas.app; sourceTree = BUILT_PRODUCTS_DIR; };
		EEECB95D2AFBB3A80039B984 /* AppDelegate.swift */ = {isa = PBXFileReference; lastKnownFileType = sourcecode.swift; path = AppDelegate.swift; sourceTree = "<group>"; };
		EEECB95F2AFBB3A80039B984 /* SceneDelegate.swift */ = {isa = PBXFileReference; lastKnownFileType = sourcecode.swift; path = SceneDelegate.swift; sourceTree = "<group>"; };
		EEECB9662AFBB3AA0039B984 /* Assets.xcassets */ = {isa = PBXFileReference; lastKnownFileType = folder.assetcatalog; path = Assets.xcassets; sourceTree = "<group>"; };
		EEECB9692AFBB3AA0039B984 /* Base */ = {isa = PBXFileReference; lastKnownFileType = file.storyboard; name = Base; path = Base.lproj/LaunchScreen.storyboard; sourceTree = "<group>"; };
		EEECB96B2AFBB3AA0039B984 /* Info.plist */ = {isa = PBXFileReference; lastKnownFileType = text.plist.xml; path = Info.plist; sourceTree = "<group>"; };
		EEECB9742AFBB55C0039B984 /* MainCoordinator.swift */ = {isa = PBXFileReference; lastKnownFileType = sourcecode.swift; path = MainCoordinator.swift; sourceTree = "<group>"; };
		EEECB9752AFBB55C0039B984 /* MainCoordinatorProtocols.swift */ = {isa = PBXFileReference; lastKnownFileType = sourcecode.swift; path = MainCoordinatorProtocols.swift; sourceTree = "<group>"; };
		EEECB9792AFBB57B0039B984 /* RootViewController.swift */ = {isa = PBXFileReference; lastKnownFileType = sourcecode.swift; path = RootViewController.swift; sourceTree = "<group>"; };
		EEECB97A2AFBB57B0039B984 /* Bindable.swift */ = {isa = PBXFileReference; lastKnownFileType = sourcecode.swift; path = Bindable.swift; sourceTree = "<group>"; };
		EEECB97B2AFBB57B0039B984 /* CodeView.swift */ = {isa = PBXFileReference; lastKnownFileType = sourcecode.swift; path = CodeView.swift; sourceTree = "<group>"; };
		EEECB97C2AFBB57B0039B984 /* Coordinator.swift */ = {isa = PBXFileReference; lastKnownFileType = sourcecode.swift; path = Coordinator.swift; sourceTree = "<group>"; };
		EEECB9812AFBBA520039B984 /* TabBarController.swift */ = {isa = PBXFileReference; lastKnownFileType = sourcecode.swift; path = TabBarController.swift; sourceTree = "<group>"; };
		EEECB9852AFBD42C0039B984 /* EntryCoordinator.swift */ = {isa = PBXFileReference; lastKnownFileType = sourcecode.swift; path = EntryCoordinator.swift; sourceTree = "<group>"; };
		EEECB9872AFBD4380039B984 /* EntryCoordinatorProtocols.swift */ = {isa = PBXFileReference; lastKnownFileType = sourcecode.swift; path = EntryCoordinatorProtocols.swift; sourceTree = "<group>"; };
		EEECB9892AFBD5630039B984 /* CategoryCoordinator.swift */ = {isa = PBXFileReference; lastKnownFileType = sourcecode.swift; path = CategoryCoordinator.swift; sourceTree = "<group>"; };
		EEECB98A2AFBD5630039B984 /* CategoryCoordinatorProtocols.swift */ = {isa = PBXFileReference; lastKnownFileType = sourcecode.swift; path = CategoryCoordinatorProtocols.swift; sourceTree = "<group>"; };
		EEECB98E2AFBD7400039B984 /* EntryListViewModel.swift */ = {isa = PBXFileReference; lastKnownFileType = sourcecode.swift; path = EntryListViewModel.swift; sourceTree = "<group>"; };
		EEECB9902AFBD74A0039B984 /* EntryListViewController.swift */ = {isa = PBXFileReference; lastKnownFileType = sourcecode.swift; path = EntryListViewController.swift; sourceTree = "<group>"; };
		F5FB6AADD1794F679BD2DB8B /* Pods_Financas.framework */ = {isa = PBXFileReference; explicitFileType = wrapper.framework; includeInIndex = 0; path = Pods_Financas.framework; sourceTree = BUILT_PRODUCTS_DIR; };
/* End PBXFileReference section */

/* Begin PBXFrameworksBuildPhase section */
		EEECB9572AFBB3A80039B984 /* Frameworks */ = {
			isa = PBXFrameworksBuildPhase;
			buildActionMask = 2147483647;
			files = (
				82E2DE05874ADAFB57A8275D /* Pods_Financas.framework in Frameworks */,
			);
			runOnlyForDeploymentPostprocessing = 0;
		};
/* End PBXFrameworksBuildPhase section */

/* Begin PBXGroup section */
		7EBE5A19606228E3F448DE55 /* Frameworks */ = {
			isa = PBXGroup;
			children = (
				F5FB6AADD1794F679BD2DB8B /* Pods_Financas.framework */,
			);
			name = Frameworks;
			sourceTree = "<group>";
		};
		EE2EB6F22BC470BC0062A613 /* Service */ = {
			isa = PBXGroup;
			children = (
				EEE211452BBF2726003BF18E /* FinancasService.swift */,
				EE2EB6F02BC470A30062A613 /* FinancasServiceUserDefaults.swift */,
				EE2EB6F32BC470DB0062A613 /* FinancasServiceFirebase.swift */,
			);
			path = Service;
			sourceTree = "<group>";
		};
		EE7036012B0D1CC6006C64F2 /* CategoryList */ = {
			isa = PBXGroup;
			children = (
				EE7036022B0D1CD7006C64F2 /* CategoryListViewController.swift */,
				EE7036042B0D1CDF006C64F2 /* CategoryListViewModel.swift */,
				EEE2110A2B98FDB0003BF18E /* CategoryCell.swift */,
			);
			path = CategoryList;
			sourceTree = "<group>";
		};
		EE7036062B0D1E21006C64F2 /* Extensions */ = {
			isa = PBXGroup;
			children = (
				EE7036072B0D1E2F006C64F2 /* UIViewController.swift */,
				EE70361D2B18CE34006C64F2 /* UIView.swift */,
				EEE211362BBDD87E003BF18E /* Double.swift */,
				EEE211382BBDD998003BF18E /* String.swift */,
				EEE211472BBF3C89003BF18E /* Date.swift */,
			);
			path = Extensions;
			sourceTree = "<group>";
		};
		EE7036172B18BC0C006C64F2 /* Model */ = {
			isa = PBXGroup;
			children = (
				EE7036182B18BC19006C64F2 /* EntryType.swift */,
				EE70361F2B18D1AC006C64F2 /* Entry.swift */,
				EEE2110C2B98FF8F003BF18E /* Category.swift */,
			);
			path = Model;
			sourceTree = "<group>";
		};
		EE70361A2B18C15D006C64F2 /* UI */ = {
			isa = PBXGroup;
			children = (
				EE70361B2B18C165006C64F2 /* IconView.swift */,
				EEE2111B2BBDB8CC003BF18E /* Textfield.swift */,
				EEE211322BBDC2B4003BF18E /* TextfieldIconView.swift */,
				EEE211342BBDC4D4003BF18E /* ArrowTextfieldIcon.swift */,
			);
			path = UI;
			sourceTree = "<group>";
		};
		EEE211292BBDBAA1003BF18E /* EntryAdd */ = {
			isa = PBXGroup;
			children = (
				EEE2112A2BBDBAA1003BF18E /* EntryAddViewModel.swift */,
				EEE2112C2BBDBAA1003BF18E /* EntryAddViewController.swift */,
				EEE211302BBDBB21003BF18E /* EntryAddView.swift */,
			);
			path = EntryAdd;
			sourceTree = "<group>";
		};
		EEE2113C2BBF20FE003BF18E /* CategoryAdd */ = {
			isa = PBXGroup;
			children = (
				EEE2113D2BBF20FE003BF18E /* CategoryAddModel.swift */,
				EEE2113E2BBF20FE003BF18E /* CategoryAddViewModel.swift */,
				EEE2113F2BBF20FE003BF18E /* CategoryAddViewController.swift */,
				EEE211432BBF21C1003BF18E /* CategoryAddView.swift */,
			);
			path = CategoryAdd;
			sourceTree = "<group>";
		};
		EEECB9512AFBB3A80039B984 = {
			isa = PBXGroup;
			children = (
				EEECB95C2AFBB3A80039B984 /* Financas */,
				EEECB95B2AFBB3A80039B984 /* Products */,
				F6BC9480142F127D3002A2CA /* Pods */,
				7EBE5A19606228E3F448DE55 /* Frameworks */,
			);
			sourceTree = "<group>";
		};
		EEECB95B2AFBB3A80039B984 /* Products */ = {
			isa = PBXGroup;
			children = (
				EEECB95A2AFBB3A80039B984 /* Financas.app */,
			);
			name = Products;
			sourceTree = "<group>";
		};
		EEECB95C2AFBB3A80039B984 /* Financas */ = {
			isa = PBXGroup;
			children = (
				EE2EB6EE2BC46D640062A613 /* GoogleService-Info.plist */,
				EEECB95D2AFBB3A80039B984 /* AppDelegate.swift */,
				EEECB95F2AFBB3A80039B984 /* SceneDelegate.swift */,
				EEECB9782AFBB5690039B984 /* Commons */,
				EEECB9922AFBD9C00039B984 /* Scenes */,
				EEECB9662AFBB3AA0039B984 /* Assets.xcassets */,
				EEECB9682AFBB3AA0039B984 /* LaunchScreen.storyboard */,
				EEECB96B2AFBB3AA0039B984 /* Info.plist */,
			);
			path = Financas;
			sourceTree = "<group>";
		};
		EEECB9712AFBB4D40039B984 /* Main */ = {
			isa = PBXGroup;
			children = (
				EEECB9812AFBBA520039B984 /* TabBarController.swift */,
				EEECB9752AFBB55C0039B984 /* MainCoordinatorProtocols.swift */,
				EEECB9742AFBB55C0039B984 /* MainCoordinator.swift */,
				EE2EB6F22BC470BC0062A613 /* Service */,
				EEECB9722AFBB4E10039B984 /* Entry */,
				EEECB9732AFBB52A0039B984 /* Category */,
			);
			path = Main;
			sourceTree = "<group>";
		};
		EEECB9722AFBB4E10039B984 /* Entry */ = {
			isa = PBXGroup;
			children = (
				EEECB9852AFBD42C0039B984 /* EntryCoordinator.swift */,
				EEECB9872AFBD4380039B984 /* EntryCoordinatorProtocols.swift */,
				EEECB98D2AFBD7250039B984 /* EntryList */,
				EEE211292BBDBAA1003BF18E /* EntryAdd */,
			);
			path = Entry;
			sourceTree = "<group>";
		};
		EEECB9732AFBB52A0039B984 /* Category */ = {
			isa = PBXGroup;
			children = (
				EEECB9892AFBD5630039B984 /* CategoryCoordinator.swift */,
				EEECB98A2AFBD5630039B984 /* CategoryCoordinatorProtocols.swift */,
				EE7036012B0D1CC6006C64F2 /* CategoryList */,
				EEE2113C2BBF20FE003BF18E /* CategoryAdd */,
			);
			path = Category;
			sourceTree = "<group>";
		};
		EEECB9782AFBB5690039B984 /* Commons */ = {
			isa = PBXGroup;
			children = (
				EE70361A2B18C15D006C64F2 /* UI */,
				EE7036172B18BC0C006C64F2 /* Model */,
				EE7036062B0D1E21006C64F2 /* Extensions */,
				EEECB9792AFBB57B0039B984 /* RootViewController.swift */,
				EEECB97A2AFBB57B0039B984 /* Bindable.swift */,
				EEECB97B2AFBB57B0039B984 /* CodeView.swift */,
				EEECB97C2AFBB57B0039B984 /* Coordinator.swift */,
			);
			path = Commons;
			sourceTree = "<group>";
		};
		EEECB98D2AFBD7250039B984 /* EntryList */ = {
			isa = PBXGroup;
			children = (
				EEECB98E2AFBD7400039B984 /* EntryListViewModel.swift */,
				EEECB9902AFBD74A0039B984 /* EntryListViewController.swift */,
				EE7036112B17ADAA006C64F2 /* EntryListView.swift */,
				EE7036132B17B601006C64F2 /* EntryListCardsView.swift */,
				EE7036152B17BC13006C64F2 /* CardView.swift */,
				EE7036212B18D1FA006C64F2 /* EntryCell.swift */,
			);
			path = EntryList;
			sourceTree = "<group>";
		};
		EEECB9922AFBD9C00039B984 /* Scenes */ = {
			isa = PBXGroup;
			children = (
				EEECB9712AFBB4D40039B984 /* Main */,
			);
			path = Scenes;
			sourceTree = "<group>";
		};
		F6BC9480142F127D3002A2CA /* Pods */ = {
			isa = PBXGroup;
			children = (
				44A843DE0E71DDD9619CB31A /* Pods-Financas.debug.xcconfig */,
				B2C4BD79DFF06E14C9DC7202 /* Pods-Financas.release.xcconfig */,
			);
			path = Pods;
			sourceTree = "<group>";
		};
/* End PBXGroup section */

/* Begin PBXNativeTarget section */
		EEECB9592AFBB3A80039B984 /* Financas */ = {
			isa = PBXNativeTarget;
			buildConfigurationList = EEECB96E2AFBB3AA0039B984 /* Build configuration list for PBXNativeTarget "Financas" */;
			buildPhases = (
				562DE0BFB19D37189DC5982F /* [CP] Check Pods Manifest.lock */,
				EEECB9562AFBB3A80039B984 /* Sources */,
				EEECB9572AFBB3A80039B984 /* Frameworks */,
				EEECB9582AFBB3A80039B984 /* Resources */,
				69FF890CEBBAA63E0D7E8747 /* [CP] Embed Pods Frameworks */,
			);
			buildRules = (
			);
			dependencies = (
			);
			name = Financas;
			productName = Financas;
			productReference = EEECB95A2AFBB3A80039B984 /* Financas.app */;
			productType = "com.apple.product-type.application";
		};
/* End PBXNativeTarget section */

/* Begin PBXProject section */
		EEECB9522AFBB3A80039B984 /* Project object */ = {
			isa = PBXProject;
			attributes = {
				BuildIndependentTargetsInParallel = 1;
				LastSwiftUpdateCheck = 1500;
				LastUpgradeCheck = 1500;
				TargetAttributes = {
					EEECB9592AFBB3A80039B984 = {
						CreatedOnToolsVersion = 15.0;
					};
				};
			};
			buildConfigurationList = EEECB9552AFBB3A80039B984 /* Build configuration list for PBXProject "Financas" */;
			compatibilityVersion = "Xcode 14.0";
			developmentRegion = en;
			hasScannedForEncodings = 0;
			knownRegions = (
				en,
				Base,
			);
			mainGroup = EEECB9512AFBB3A80039B984;
			productRefGroup = EEECB95B2AFBB3A80039B984 /* Products */;
			projectDirPath = "";
			projectRoot = "";
			targets = (
				EEECB9592AFBB3A80039B984 /* Financas */,
			);
		};
/* End PBXProject section */

/* Begin PBXResourcesBuildPhase section */
		EEECB9582AFBB3A80039B984 /* Resources */ = {
			isa = PBXResourcesBuildPhase;
			buildActionMask = 2147483647;
			files = (
				EEECB96A2AFBB3AA0039B984 /* LaunchScreen.storyboard in Resources */,
				EEECB9672AFBB3AA0039B984 /* Assets.xcassets in Resources */,
				EE2EB6EF2BC46D640062A613 /* GoogleService-Info.plist in Resources */,
			);
			runOnlyForDeploymentPostprocessing = 0;
		};
/* End PBXResourcesBuildPhase section */

/* Begin PBXShellScriptBuildPhase section */
		562DE0BFB19D37189DC5982F /* [CP] Check Pods Manifest.lock */ = {
			isa = PBXShellScriptBuildPhase;
			buildActionMask = 2147483647;
			files = (
			);
			inputFileListPaths = (
			);
			inputPaths = (
				"${PODS_PODFILE_DIR_PATH}/Podfile.lock",
				"${PODS_ROOT}/Manifest.lock",
			);
			name = "[CP] Check Pods Manifest.lock";
			outputFileListPaths = (
			);
			outputPaths = (
				"$(DERIVED_FILE_DIR)/Pods-Financas-checkManifestLockResult.txt",
			);
			runOnlyForDeploymentPostprocessing = 0;
			shellPath = /bin/sh;
			shellScript = "diff \"${PODS_PODFILE_DIR_PATH}/Podfile.lock\" \"${PODS_ROOT}/Manifest.lock\" > /dev/null\nif [ $? != 0 ] ; then\n    # print error to STDERR\n    echo \"error: The sandbox is not in sync with the Podfile.lock. Run 'pod install' or update your CocoaPods installation.\" >&2\n    exit 1\nfi\n# This output is used by Xcode 'outputs' to avoid re-running this script phase.\necho \"SUCCESS\" > \"${SCRIPT_OUTPUT_FILE_0}\"\n";
			showEnvVarsInLog = 0;
		};
		69FF890CEBBAA63E0D7E8747 /* [CP] Embed Pods Frameworks */ = {
			isa = PBXShellScriptBuildPhase;
			buildActionMask = 2147483647;
			files = (
			);
			inputFileListPaths = (
				"${PODS_ROOT}/Target Support Files/Pods-Financas/Pods-Financas-frameworks-${CONFIGURATION}-input-files.xcfilelist",
			);
			name = "[CP] Embed Pods Frameworks";
			outputFileListPaths = (
				"${PODS_ROOT}/Target Support Files/Pods-Financas/Pods-Financas-frameworks-${CONFIGURATION}-output-files.xcfilelist",
			);
			runOnlyForDeploymentPostprocessing = 0;
			shellPath = /bin/sh;
			shellScript = "\"${PODS_ROOT}/Target Support Files/Pods-Financas/Pods-Financas-frameworks.sh\"\n";
			showEnvVarsInLog = 0;
		};
/* End PBXShellScriptBuildPhase section */

/* Begin PBXSourcesBuildPhase section */
		EEECB9562AFBB3A80039B984 /* Sources */ = {
			isa = PBXSourcesBuildPhase;
			buildActionMask = 2147483647;
			files = (
				EEE211422BBF20FE003BF18E /* CategoryAddViewController.swift in Sources */,
				EE7036202B18D1AC006C64F2 /* Entry.swift in Sources */,
				EEE211402BBF20FE003BF18E /* CategoryAddModel.swift in Sources */,
				EE7036192B18BC19006C64F2 /* EntryType.swift in Sources */,
				EEECB9802AFBB57B0039B984 /* Coordinator.swift in Sources */,
				EEECB97D2AFBB57B0039B984 /* RootViewController.swift in Sources */,
				EE7036082B0D1E2F006C64F2 /* UIViewController.swift in Sources */,
				EEECB9912AFBD74A0039B984 /* EntryListViewController.swift in Sources */,
				EEECB95E2AFBB3A80039B984 /* AppDelegate.swift in Sources */,
				EEE2111C2BBDB8CC003BF18E /* Textfield.swift in Sources */,
				EEECB9822AFBBA520039B984 /* TabBarController.swift in Sources */,
				EEE211332BBDC2B4003BF18E /* TextfieldIconView.swift in Sources */,
				EEECB9882AFBD4380039B984 /* EntryCoordinatorProtocols.swift in Sources */,
				EE7036162B17BC13006C64F2 /* CardView.swift in Sources */,
				EEE211352BBDC4D5003BF18E /* ArrowTextfieldIcon.swift in Sources */,
				EE70361C2B18C165006C64F2 /* IconView.swift in Sources */,
				EEECB97E2AFBB57B0039B984 /* Bindable.swift in Sources */,
				EEE2112D2BBDBAA1003BF18E /* EntryAddViewModel.swift in Sources */,
				EEE211462BBF2726003BF18E /* FinancasService.swift in Sources */,
				EEECB98B2AFBD5630039B984 /* CategoryCoordinator.swift in Sources */,
				EEE211412BBF20FE003BF18E /* CategoryAddViewModel.swift in Sources */,
				EE7036032B0D1CD7006C64F2 /* CategoryListViewController.swift in Sources */,
				EEECB9762AFBB55C0039B984 /* MainCoordinator.swift in Sources */,
				EEE2112F2BBDBAA1003BF18E /* EntryAddViewController.swift in Sources */,
				EEECB9602AFBB3A80039B984 /* SceneDelegate.swift in Sources */,
				EEECB98F2AFBD7400039B984 /* EntryListViewModel.swift in Sources */,
				EE70361E2B18CE34006C64F2 /* UIView.swift in Sources */,
				EE7036142B17B601006C64F2 /* EntryListCardsView.swift in Sources */,
				EEE211312BBDBB21003BF18E /* EntryAddView.swift in Sources */,
				EEECB9862AFBD42C0039B984 /* EntryCoordinator.swift in Sources */,
				EEECB9772AFBB55C0039B984 /* MainCoordinatorProtocols.swift in Sources */,
				EEE211392BBDD998003BF18E /* String.swift in Sources */,
				EEECB97F2AFBB57B0039B984 /* CodeView.swift in Sources */,
				EE7036222B18D1FA006C64F2 /* EntryCell.swift in Sources */,
				EEE211442BBF21C1003BF18E /* CategoryAddView.swift in Sources */,
				EEE2110B2B98FDB0003BF18E /* CategoryCell.swift in Sources */,
				EE7036052B0D1CDF006C64F2 /* CategoryListViewModel.swift in Sources */,
				EEE211482BBF3C89003BF18E /* Date.swift in Sources */,
				EE7036122B17ADAA006C64F2 /* EntryListView.swift in Sources */,
				EEECB98C2AFBD5630039B984 /* CategoryCoordinatorProtocols.swift in Sources */,
				EEE211372BBDD87E003BF18E /* Double.swift in Sources */,
				EE2EB6F42BC470DB0062A613 /* FinancasServiceFirebase.swift in Sources */,
				EE2EB6F12BC470A30062A613 /* FinancasServiceUserDefaults.swift in Sources */,
				EEE2110D2B98FF8F003BF18E /* Category.swift in Sources */,
			);
			runOnlyForDeploymentPostprocessing = 0;
		};
/* End PBXSourcesBuildPhase section */

/* Begin PBXVariantGroup section */
		EEECB9682AFBB3AA0039B984 /* LaunchScreen.storyboard */ = {
			isa = PBXVariantGroup;
			children = (
				EEECB9692AFBB3AA0039B984 /* Base */,
			);
			name = LaunchScreen.storyboard;
			sourceTree = "<group>";
		};
/* End PBXVariantGroup section */

/* Begin XCBuildConfiguration section */
		EEECB96C2AFBB3AA0039B984 /* Debug */ = {
			isa = XCBuildConfiguration;
			buildSettings = {
				ALWAYS_SEARCH_USER_PATHS = NO;
				ASSETCATALOG_COMPILER_GENERATE_SWIFT_ASSET_SYMBOL_EXTENSIONS = YES;
				CLANG_ANALYZER_NONNULL = YES;
				CLANG_ANALYZER_NUMBER_OBJECT_CONVERSION = YES_AGGRESSIVE;
				CLANG_CXX_LANGUAGE_STANDARD = "gnu++20";
				CLANG_ENABLE_MODULES = YES;
				CLANG_ENABLE_OBJC_ARC = YES;
				CLANG_ENABLE_OBJC_WEAK = YES;
				CLANG_WARN_BLOCK_CAPTURE_AUTORELEASING = YES;
				CLANG_WARN_BOOL_CONVERSION = YES;
				CLANG_WARN_COMMA = YES;
				CLANG_WARN_CONSTANT_CONVERSION = YES;
				CLANG_WARN_DEPRECATED_OBJC_IMPLEMENTATIONS = YES;
				CLANG_WARN_DIRECT_OBJC_ISA_USAGE = YES_ERROR;
				CLANG_WARN_DOCUMENTATION_COMMENTS = YES;
				CLANG_WARN_EMPTY_BODY = YES;
				CLANG_WARN_ENUM_CONVERSION = YES;
				CLANG_WARN_INFINITE_RECURSION = YES;
				CLANG_WARN_INT_CONVERSION = YES;
				CLANG_WARN_NON_LITERAL_NULL_CONVERSION = YES;
				CLANG_WARN_OBJC_IMPLICIT_RETAIN_SELF = YES;
				CLANG_WARN_OBJC_LITERAL_CONVERSION = YES;
				CLANG_WARN_OBJC_ROOT_CLASS = YES_ERROR;
				CLANG_WARN_QUOTED_INCLUDE_IN_FRAMEWORK_HEADER = YES;
				CLANG_WARN_RANGE_LOOP_ANALYSIS = YES;
				CLANG_WARN_STRICT_PROTOTYPES = YES;
				CLANG_WARN_SUSPICIOUS_MOVE = YES;
				CLANG_WARN_UNGUARDED_AVAILABILITY = YES_AGGRESSIVE;
				CLANG_WARN_UNREACHABLE_CODE = YES;
				CLANG_WARN__DUPLICATE_METHOD_MATCH = YES;
				COPY_PHASE_STRIP = NO;
				DEBUG_INFORMATION_FORMAT = dwarf;
				ENABLE_STRICT_OBJC_MSGSEND = YES;
				ENABLE_TESTABILITY = YES;
				ENABLE_USER_SCRIPT_SANDBOXING = YES;
				GCC_C_LANGUAGE_STANDARD = gnu17;
				GCC_DYNAMIC_NO_PIC = NO;
				GCC_NO_COMMON_BLOCKS = YES;
				GCC_OPTIMIZATION_LEVEL = 0;
				GCC_PREPROCESSOR_DEFINITIONS = (
					"DEBUG=1",
					"$(inherited)",
				);
				GCC_WARN_64_TO_32_BIT_CONVERSION = YES;
				GCC_WARN_ABOUT_RETURN_TYPE = YES_ERROR;
				GCC_WARN_UNDECLARED_SELECTOR = YES;
				GCC_WARN_UNINITIALIZED_AUTOS = YES_AGGRESSIVE;
				GCC_WARN_UNUSED_FUNCTION = YES;
				GCC_WARN_UNUSED_VARIABLE = YES;
				IPHONEOS_DEPLOYMENT_TARGET = 17.0;
				LOCALIZATION_PREFERS_STRING_CATALOGS = YES;
				MTL_ENABLE_DEBUG_INFO = INCLUDE_SOURCE;
				MTL_FAST_MATH = YES;
				ONLY_ACTIVE_ARCH = YES;
				SDKROOT = iphoneos;
				SWIFT_ACTIVE_COMPILATION_CONDITIONS = "DEBUG $(inherited)";
				SWIFT_OPTIMIZATION_LEVEL = "-Onone";
			};
			name = Debug;
		};
		EEECB96D2AFBB3AA0039B984 /* Release */ = {
			isa = XCBuildConfiguration;
			buildSettings = {
				ALWAYS_SEARCH_USER_PATHS = NO;
				ASSETCATALOG_COMPILER_GENERATE_SWIFT_ASSET_SYMBOL_EXTENSIONS = YES;
				CLANG_ANALYZER_NONNULL = YES;
				CLANG_ANALYZER_NUMBER_OBJECT_CONVERSION = YES_AGGRESSIVE;
				CLANG_CXX_LANGUAGE_STANDARD = "gnu++20";
				CLANG_ENABLE_MODULES = YES;
				CLANG_ENABLE_OBJC_ARC = YES;
				CLANG_ENABLE_OBJC_WEAK = YES;
				CLANG_WARN_BLOCK_CAPTURE_AUTORELEASING = YES;
				CLANG_WARN_BOOL_CONVERSION = YES;
				CLANG_WARN_COMMA = YES;
				CLANG_WARN_CONSTANT_CONVERSION = YES;
				CLANG_WARN_DEPRECATED_OBJC_IMPLEMENTATIONS = YES;
				CLANG_WARN_DIRECT_OBJC_ISA_USAGE = YES_ERROR;
				CLANG_WARN_DOCUMENTATION_COMMENTS = YES;
				CLANG_WARN_EMPTY_BODY = YES;
				CLANG_WARN_ENUM_CONVERSION = YES;
				CLANG_WARN_INFINITE_RECURSION = YES;
				CLANG_WARN_INT_CONVERSION = YES;
				CLANG_WARN_NON_LITERAL_NULL_CONVERSION = YES;
				CLANG_WARN_OBJC_IMPLICIT_RETAIN_SELF = YES;
				CLANG_WARN_OBJC_LITERAL_CONVERSION = YES;
				CLANG_WARN_OBJC_ROOT_CLASS = YES_ERROR;
				CLANG_WARN_QUOTED_INCLUDE_IN_FRAMEWORK_HEADER = YES;
				CLANG_WARN_RANGE_LOOP_ANALYSIS = YES;
				CLANG_WARN_STRICT_PROTOTYPES = YES;
				CLANG_WARN_SUSPICIOUS_MOVE = YES;
				CLANG_WARN_UNGUARDED_AVAILABILITY = YES_AGGRESSIVE;
				CLANG_WARN_UNREACHABLE_CODE = YES;
				CLANG_WARN__DUPLICATE_METHOD_MATCH = YES;
				COPY_PHASE_STRIP = NO;
				DEBUG_INFORMATION_FORMAT = "dwarf-with-dsym";
				ENABLE_NS_ASSERTIONS = NO;
				ENABLE_STRICT_OBJC_MSGSEND = YES;
				ENABLE_USER_SCRIPT_SANDBOXING = YES;
				GCC_C_LANGUAGE_STANDARD = gnu17;
				GCC_NO_COMMON_BLOCKS = YES;
				GCC_WARN_64_TO_32_BIT_CONVERSION = YES;
				GCC_WARN_ABOUT_RETURN_TYPE = YES_ERROR;
				GCC_WARN_UNDECLARED_SELECTOR = YES;
				GCC_WARN_UNINITIALIZED_AUTOS = YES_AGGRESSIVE;
				GCC_WARN_UNUSED_FUNCTION = YES;
				GCC_WARN_UNUSED_VARIABLE = YES;
				IPHONEOS_DEPLOYMENT_TARGET = 17.0;
				LOCALIZATION_PREFERS_STRING_CATALOGS = YES;
				MTL_ENABLE_DEBUG_INFO = NO;
				MTL_FAST_MATH = YES;
				SDKROOT = iphoneos;
				SWIFT_COMPILATION_MODE = wholemodule;
				VALIDATE_PRODUCT = YES;
			};
			name = Release;
		};
		EEECB96F2AFBB3AA0039B984 /* Debug */ = {
			isa = XCBuildConfiguration;
			baseConfigurationReference = 44A843DE0E71DDD9619CB31A /* Pods-Financas.debug.xcconfig */;
			buildSettings = {
				ASSETCATALOG_COMPILER_APPICON_NAME = AppIcon;
				ASSETCATALOG_COMPILER_GLOBAL_ACCENT_COLOR_NAME = AccentColor;
				CODE_SIGN_STYLE = Automatic;
				CURRENT_PROJECT_VERSION = 1;
				DEVELOPMENT_TEAM = X2PGUA6K9U;
				ENABLE_USER_SCRIPT_SANDBOXING = NO;
				GENERATE_INFOPLIST_FILE = YES;
				INFOPLIST_FILE = Financas/Info.plist;
				INFOPLIST_KEY_UIApplicationSupportsIndirectInputEvents = YES;
				INFOPLIST_KEY_UILaunchStoryboardName = LaunchScreen.storyboard;
				INFOPLIST_KEY_UIStatusBarStyle = UIStatusBarStyleDarkContent;
				INFOPLIST_KEY_UISupportedInterfaceOrientations = UIInterfaceOrientationPortrait;
				INFOPLIST_KEY_UIUserInterfaceStyle = Light;
				LD_RUNPATH_SEARCH_PATHS = (
					"$(inherited)",
					"@executable_path/Frameworks",
				);
				MARKETING_VERSION = 1.0;
				PRODUCT_BUNDLE_IDENTIFIER = com.ios.Financas;
				PRODUCT_NAME = "$(TARGET_NAME)";
				SWIFT_EMIT_LOC_STRINGS = YES;
				SWIFT_VERSION = 5.0;
				TARGETED_DEVICE_FAMILY = "1,2";
			};
			name = Debug;
		};
		EEECB9702AFBB3AA0039B984 /* Release */ = {
			isa = XCBuildConfiguration;
			baseConfigurationReference = B2C4BD79DFF06E14C9DC7202 /* Pods-Financas.release.xcconfig */;
			buildSettings = {
				ASSETCATALOG_COMPILER_APPICON_NAME = AppIcon;
				ASSETCATALOG_COMPILER_GLOBAL_ACCENT_COLOR_NAME = AccentColor;
				CODE_SIGN_STYLE = Automatic;
				CURRENT_PROJECT_VERSION = 1;
				DEVELOPMENT_TEAM = X2PGUA6K9U;
				ENABLE_USER_SCRIPT_SANDBOXING = NO;
				GENERATE_INFOPLIST_FILE = YES;
				INFOPLIST_FILE = Financas/Info.plist;
				INFOPLIST_KEY_UIApplicationSupportsIndirectInputEvents = YES;
				INFOPLIST_KEY_UILaunchStoryboardName = LaunchScreen.storyboard;
				INFOPLIST_KEY_UIStatusBarStyle = UIStatusBarStyleDarkContent;
				INFOPLIST_KEY_UISupportedInterfaceOrientations = UIInterfaceOrientationPortrait;
				INFOPLIST_KEY_UIUserInterfaceStyle = Light;
				LD_RUNPATH_SEARCH_PATHS = (
					"$(inherited)",
					"@executable_path/Frameworks",
				);
				MARKETING_VERSION = 1.0;
				PRODUCT_BUNDLE_IDENTIFIER = com.ios.Financas;
				PRODUCT_NAME = "$(TARGET_NAME)";
				SWIFT_EMIT_LOC_STRINGS = YES;
				SWIFT_VERSION = 5.0;
				TARGETED_DEVICE_FAMILY = "1,2";
			};
			name = Release;
		};
/* End XCBuildConfiguration section */

/* Begin XCConfigurationList section */
		EEECB9552AFBB3A80039B984 /* Build configuration list for PBXProject "Financas" */ = {
			isa = XCConfigurationList;
			buildConfigurations = (
				EEECB96C2AFBB3AA0039B984 /* Debug */,
				EEECB96D2AFBB3AA0039B984 /* Release */,
			);
			defaultConfigurationIsVisible = 0;
			defaultConfigurationName = Release;
		};
		EEECB96E2AFBB3AA0039B984 /* Build configuration list for PBXNativeTarget "Financas" */ = {
			isa = XCConfigurationList;
			buildConfigurations = (
				EEECB96F2AFBB3AA0039B984 /* Debug */,
				EEECB9702AFBB3AA0039B984 /* Release */,
			);
			defaultConfigurationIsVisible = 0;
			defaultConfigurationName = Release;
		};
/* End XCConfigurationList section */
	};
	rootObject = EEECB9522AFBB3A80039B984 /* Project object */;
}
